// !$*UTF8*$!
{
	archiveVersion = 1;
	classes = {
	};
	objectVersion = 50;
	objects = {

/* Begin PBXBuildFile section */
		83924A962106711E009DA1D7 /* AppDelegate.swift in Sources */ = {isa = PBXBuildFile; fileRef = 83924A952106711E009DA1D7 /* AppDelegate.swift */; };
		83924A982106711E009DA1D7 /* ViewController.swift in Sources */ = {isa = PBXBuildFile; fileRef = 83924A972106711E009DA1D7 /* ViewController.swift */; };
		83924A9B2106711E009DA1D7 /* Main.storyboard in Resources */ = {isa = PBXBuildFile; fileRef = 83924A992106711E009DA1D7 /* Main.storyboard */; };
		83924A9D2106711F009DA1D7 /* Assets.xcassets in Resources */ = {isa = PBXBuildFile; fileRef = 83924A9C2106711F009DA1D7 /* Assets.xcassets */; };
		83924AA02106711F009DA1D7 /* LaunchScreen.storyboard in Resources */ = {isa = PBXBuildFile; fileRef = 83924A9E2106711F009DA1D7 /* LaunchScreen.storyboard */; };
		83924AAA21067309009DA1D7 /* TestViewController.swift in Sources */ = {isa = PBXBuildFile; fileRef = 83924AA921067309009DA1D7 /* TestViewController.swift */; };
		83924AAC21067319009DA1D7 /* NetworkLayer.swift in Sources */ = {isa = PBXBuildFile; fileRef = 83924AAB21067319009DA1D7 /* NetworkLayer.swift */; };
		83924AAE210674EB009DA1D7 /* NewFeatureLayer.swift in Sources */ = {isa = PBXBuildFile; fileRef = 83924AAD210674EB009DA1D7 /* NewFeatureLayer.swift */; };
		83924AB0210675A6009DA1D7 /* OtherFeatureLayer.swift in Sources */ = {isa = PBXBuildFile; fileRef = 83924AAF210675A6009DA1D7 /* OtherFeatureLayer.swift */; };
/* End PBXBuildFile section */

/* Begin PBXFileReference section */
		83924A922106711E009DA1D7 /* TestApp.app */ = {isa = PBXFileReference; explicitFileType = wrapper.application; includeInIndex = 0; path = TestApp.app; sourceTree = BUILT_PRODUCTS_DIR; };
		83924A952106711E009DA1D7 /* AppDelegate.swift */ = {isa = PBXFileReference; lastKnownFileType = sourcecode.swift; path = AppDelegate.swift; sourceTree = "<group>"; };
		83924A972106711E009DA1D7 /* ViewController.swift */ = {isa = PBXFileReference; lastKnownFileType = sourcecode.swift; path = ViewController.swift; sourceTree = "<group>"; };
		83924A9A2106711E009DA1D7 /* Base */ = {isa = PBXFileReference; lastKnownFileType = file.storyboard; name = Base; path = Base.lproj/Main.storyboard; sourceTree = "<group>"; };
		83924A9C2106711F009DA1D7 /* Assets.xcassets */ = {isa = PBXFileReference; lastKnownFileType = folder.assetcatalog; path = Assets.xcassets; sourceTree = "<group>"; };
		83924A9F2106711F009DA1D7 /* Base */ = {isa = PBXFileReference; lastKnownFileType = file.storyboard; name = Base; path = Base.lproj/LaunchScreen.storyboard; sourceTree = "<group>"; };
		83924AA12106711F009DA1D7 /* Info.plist */ = {isa = PBXFileReference; lastKnownFileType = text.plist.xml; path = Info.plist; sourceTree = "<group>"; };
		83924AA921067309009DA1D7 /* TestViewController.swift */ = {isa = PBXFileReference; lastKnownFileType = sourcecode.swift; path = TestViewController.swift; sourceTree = "<group>"; };
		83924AAB21067319009DA1D7 /* NetworkLayer.swift */ = {isa = PBXFileReference; lastKnownFileType = sourcecode.swift; path = NetworkLayer.swift; sourceTree = "<group>"; };
		83924AAD210674EB009DA1D7 /* NewFeatureLayer.swift */ = {isa = PBXFileReference; lastKnownFileType = sourcecode.swift; path = NewFeatureLayer.swift; sourceTree = "<group>"; };
		83924AAF210675A6009DA1D7 /* OtherFeatureLayer.swift */ = {isa = PBXFileReference; lastKnownFileType = sourcecode.swift; path = OtherFeatureLayer.swift; sourceTree = "<group>"; };
/* End PBXFileReference section */

/* Begin PBXFrameworksBuildPhase section */
		83924A8F2106711E009DA1D7 /* Frameworks */ = {
			isa = PBXFrameworksBuildPhase;
			buildActionMask = 2147483647;
			files = (
			);
			runOnlyForDeploymentPostprocessing = 0;
		};
/* End PBXFrameworksBuildPhase section */

/* Begin PBXGroup section */
		83924A892106711E009DA1D7 = {
			isa = PBXGroup;
			children = (
				83924A942106711E009DA1D7 /* TestApp */,
				83924A932106711E009DA1D7 /* Products */,
			);
			sourceTree = "<group>";
		};
		83924A932106711E009DA1D7 /* Products */ = {
			isa = PBXGroup;
			children = (
				83924A922106711E009DA1D7 /* TestApp.app */,
			);
			name = Products;
			sourceTree = "<group>";
		};
		83924A942106711E009DA1D7 /* TestApp */ = {
			isa = PBXGroup;
			children = (
				83924AA7210672ED009DA1D7 /* Utilities */,
				83924AA8210672ED009DA1D7 /* ViewControllers */,
				83924A952106711E009DA1D7 /* AppDelegate.swift */,
				83924A972106711E009DA1D7 /* ViewController.swift */,
				83924A992106711E009DA1D7 /* Main.storyboard */,
				83924A9C2106711F009DA1D7 /* Assets.xcassets */,
				83924A9E2106711F009DA1D7 /* LaunchScreen.storyboard */,
				83924AA12106711F009DA1D7 /* Info.plist */,
			);
			path = TestApp;
			sourceTree = "<group>";
		};
		83924AA7210672ED009DA1D7 /* Utilities */ = {
			isa = PBXGroup;
			children = (
				83924AAB21067319009DA1D7 /* NetworkLayer.swift */,
				83924AAD210674EB009DA1D7 /* NewFeatureLayer.swift */,
				83924AAF210675A6009DA1D7 /* OtherFeatureLayer.swift */,
			);
			path = Utilities;
			sourceTree = "<group>";
		};
		83924AA8210672ED009DA1D7 /* ViewControllers */ = {
			isa = PBXGroup;
			children = (
				83924AA921067309009DA1D7 /* TestViewController.swift */,
			);
			path = ViewControllers;
			sourceTree = "<group>";
		};
/* End PBXGroup section */

/* Begin PBXNativeTarget section */
		83924A912106711E009DA1D7 /* TestApp */ = {
			isa = PBXNativeTarget;
			buildConfigurationList = 83924AA42106711F009DA1D7 /* Build configuration list for PBXNativeTarget "TestApp" */;
			buildPhases = (
				83924A8E2106711E009DA1D7 /* Sources */,
				83924A8F2106711E009DA1D7 /* Frameworks */,
				83924A902106711E009DA1D7 /* Resources */,
			);
			buildRules = (
			);
			dependencies = (
			);
			name = TestApp;
			productName = TestApp;
			productReference = 83924A922106711E009DA1D7 /* TestApp.app */;
			productType = "com.apple.product-type.application";
		};
/* End PBXNativeTarget section */

/* Begin PBXProject section */
		83924A8A2106711E009DA1D7 /* Project object */ = {
			isa = PBXProject;
			attributes = {
				LastSwiftUpdateCheck = 0940;
				LastUpgradeCheck = 0940;
				ORGANIZATIONNAME = Chris;
				TargetAttributes = {
					83924A912106711E009DA1D7 = {
						CreatedOnToolsVersion = 9.4.1;
					};
				};
			};
			buildConfigurationList = 83924A8D2106711E009DA1D7 /* Build configuration list for PBXProject "TestApp" */;
			compatibilityVersion = "Xcode 9.3";
			developmentRegion = en;
			hasScannedForEncodings = 0;
			knownRegions = (
				en,
				Base,
			);
			mainGroup = 83924A892106711E009DA1D7;
			productRefGroup = 83924A932106711E009DA1D7 /* Products */;
			projectDirPath = "";
			projectRoot = "";
			targets = (
				83924A912106711E009DA1D7 /* TestApp */,
			);
		};
/* End PBXProject section */

/* Begin PBXResourcesBuildPhase section */
		83924A902106711E009DA1D7 /* Resources */ = {
			isa = PBXResourcesBuildPhase;
			buildActionMask = 2147483647;
			files = (
				83924AA02106711F009DA1D7 /* LaunchScreen.storyboard in Resources */,
				83924A9D2106711F009DA1D7 /* Assets.xcassets in Resources */,
				83924A9B2106711E009DA1D7 /* Main.storyboard in Resources */,
			);
			runOnlyForDeploymentPostprocessing = 0;
		};
/* End PBXResourcesBuildPhase section */

/* Begin PBXSourcesBuildPhase section */
		83924A8E2106711E009DA1D7 /* Sources */ = {
			isa = PBXSourcesBuildPhase;
			buildActionMask = 2147483647;
			files = (
				83924AAC21067319009DA1D7 /* NetworkLayer.swift in Sources */,
				83924AAE210674EB009DA1D7 /* NewFeatureLayer.swift in Sources */,
				83924A982106711E009DA1D7 /* ViewController.swift in Sources */,
				83924AAA21067309009DA1D7 /* TestViewController.swift in Sources */,
				83924A962106711E009DA1D7 /* AppDelegate.swift in Sources */,
				83924AB0210675A6009DA1D7 /* OtherFeatureLayer.swift in Sources */,
			);
			runOnlyForDeploymentPostprocessing = 0;
		};
/* End PBXSourcesBuildPhase section */

/* Begin PBXVariantGroup section */
		83924A992106711E009DA1D7 /* Main.storyboard */ = {
			isa = PBXVariantGroup;
			children = (
				83924A9A2106711E009DA1D7 /* Base */,
			);
			name = Main.storyboard;
			sourceTree = "<group>";
		};
		83924A9E2106711F009DA1D7 /* LaunchScreen.storyboard */ = {
			isa = PBXVariantGroup;
			children = (
				83924A9F2106711F009DA1D7 /* Base */,
			);
			name = LaunchScreen.storyboard;
			sourceTree = "<group>";
		};
/* End PBXVariantGroup section */

/* Begin XCBuildConfiguration section */
		83924AA22106711F009DA1D7 /* Debug */ = {
			isa = XCBuildConfiguration;
			buildSettings = {
				ALWAYS_SEARCH_USER_PATHS = NO;
				CLANG_ANALYZER_NONNULL = YES;
				CLANG_ANALYZER_NUMBER_OBJECT_CONVERSION = YES_AGGRESSIVE;
				CLANG_CXX_LANGUAGE_STANDARD = "gnu++14";
				CLANG_CXX_LIBRARY = "libc++";
				CLANG_ENABLE_MODULES = YES;
				CLANG_ENABLE_OBJC_ARC = YES;
				CLANG_ENABLE_OBJC_WEAK = YES;
				CLANG_WARN_BLOCK_CAPTURE_AUTORELEASING = YES;
				CLANG_WARN_BOOL_CONVERSION = YES;
				CLANG_WARN_COMMA = YES;
				CLANG_WARN_CONSTANT_CONVERSION = YES;
				CLANG_WARN_DEPRECATED_OBJC_IMPLEMENTATIONS = YES;
				CLANG_WARN_DIRECT_OBJC_ISA_USAGE = YES_ERROR;
				CLANG_WARN_DOCUMENTATION_COMMENTS = YES;
				CLANG_WARN_EMPTY_BODY = YES;
				CLANG_WARN_ENUM_CONVERSION = YES;
				CLANG_WARN_INFINITE_RECURSION = YES;
				CLANG_WARN_INT_CONVERSION = YES;
				CLANG_WARN_NON_LITERAL_NULL_CONVERSION = YES;
				CLANG_WARN_OBJC_IMPLICIT_RETAIN_SELF = YES;
				CLANG_WARN_OBJC_LITERAL_CONVERSION = YES;
				CLANG_WARN_OBJC_ROOT_CLASS = YES_ERROR;
				CLANG_WARN_RANGE_LOOP_ANALYSIS = YES;
				CLANG_WARN_STRICT_PROTOTYPES = YES;
				CLANG_WARN_SUSPICIOUS_MOVE = YES;
				CLANG_WARN_UNGUARDED_AVAILABILITY = YES_AGGRESSIVE;
				CLANG_WARN_UNREACHABLE_CODE = YES;
				CLANG_WARN__DUPLICATE_METHOD_MATCH = YES;
				CODE_SIGN_IDENTITY = "iPhone Developer";
				COPY_PHASE_STRIP = NO;
				DEBUG_INFORMATION_FORMAT = dwarf;
				ENABLE_STRICT_OBJC_MSGSEND = YES;
				ENABLE_TESTABILITY = YES;
				GCC_C_LANGUAGE_STANDARD = gnu11;
				GCC_DYNAMIC_NO_PIC = NO;
				GCC_NO_COMMON_BLOCKS = YES;
				GCC_OPTIMIZATION_LEVEL = 0;
				GCC_PREPROCESSOR_DEFINITIONS = (
					"DEBUG=1",
					"$(inherited)",
				);
				GCC_WARN_64_TO_32_BIT_CONVERSION = YES;
				GCC_WARN_ABOUT_RETURN_TYPE = YES_ERROR;
				GCC_WARN_UNDECLARED_SELECTOR = YES;
				GCC_WARN_UNINITIALIZED_AUTOS = YES_AGGRESSIVE;
				GCC_WARN_UNUSED_FUNCTION = YES;
				GCC_WARN_UNUSED_VARIABLE = YES;
				IPHONEOS_DEPLOYMENT_TARGET = 11.4;
				MTL_ENABLE_DEBUG_INFO = YES;
				ONLY_ACTIVE_ARCH = YES;
				SDKROOT = iphoneos;
				SWIFT_ACTIVE_COMPILATION_CONDITIONS = DEBUG;
				SWIFT_OPTIMIZATION_LEVEL = "-Onone";
			};
			name = Debug;
		};
		83924AA32106711F009DA1D7 /* Release */ = {
			isa = XCBuildConfiguration;
			buildSettings = {
				ALWAYS_SEARCH_USER_PATHS = NO;
				CLANG_ANALYZER_NONNULL = YES;
				CLANG_ANALYZER_NUMBER_OBJECT_CONVERSION = YES_AGGRESSIVE;
				CLANG_CXX_LANGUAGE_STANDARD = "gnu++14";
				CLANG_CXX_LIBRARY = "libc++";
				CLANG_ENABLE_MODULES = YES;
				CLANG_ENABLE_OBJC_ARC = YES;
				CLANG_ENABLE_OBJC_WEAK = YES;
				CLANG_WARN_BLOCK_CAPTURE_AUTORELEASING = YES;
				CLANG_WARN_BOOL_CONVERSION = YES;
				CLANG_WARN_COMMA = YES;
				CLANG_WARN_CONSTANT_CONVERSION = YES;
				CLANG_WARN_DEPRECATED_OBJC_IMPLEMENTATIONS = YES;
				CLANG_WARN_DIRECT_OBJC_ISA_USAGE = YES_ERROR;
				CLANG_WARN_DOCUMENTATION_COMMENTS = YES;
				CLANG_WARN_EMPTY_BODY = YES;
				CLANG_WARN_ENUM_CONVERSION = YES;
				CLANG_WARN_INFINITE_RECURSION = YES;
				CLANG_WARN_INT_CONVERSION = YES;
				CLANG_WARN_NON_LITERAL_NULL_CONVERSION = YES;
				CLANG_WARN_OBJC_IMPLICIT_RETAIN_SELF = YES;
				CLANG_WARN_OBJC_LITERAL_CONVERSION = YES;
				CLANG_WARN_OBJC_ROOT_CLASS = YES_ERROR;
				CLANG_WARN_RANGE_LOOP_ANALYSIS = YES;
				CLANG_WARN_STRICT_PROTOTYPES = YES;
				CLANG_WARN_SUSPICIOUS_MOVE = YES;
				CLANG_WARN_UNGUARDED_AVAILABILITY = YES_AGGRESSIVE;
				CLANG_WARN_UNREACHABLE_CODE = YES;
				CLANG_WARN__DUPLICATE_METHOD_MATCH = YES;
				CODE_SIGN_IDENTITY = "iPhone Developer";
				COPY_PHASE_STRIP = NO;
				DEBUG_INFORMATION_FORMAT = "dwarf-with-dsym";
				ENABLE_NS_ASSERTIONS = NO;
				ENABLE_STRICT_OBJC_MSGSEND = YES;
				GCC_C_LANGUAGE_STANDARD = gnu11;
				GCC_NO_COMMON_BLOCKS = YES;
				GCC_WARN_64_TO_32_BIT_CONVERSION = YES;
				GCC_WARN_ABOUT_RETURN_TYPE = YES_ERROR;
				GCC_WARN_UNDECLARED_SELECTOR = YES;
				GCC_WARN_UNINITIALIZED_AUTOS = YES_AGGRESSIVE;
				GCC_WARN_UNUSED_FUNCTION = YES;
				GCC_WARN_UNUSED_VARIABLE = YES;
				IPHONEOS_DEPLOYMENT_TARGET = 11.4;
				MTL_ENABLE_DEBUG_INFO = NO;
				SDKROOT = iphoneos;
				SWIFT_COMPILATION_MODE = wholemodule;
				SWIFT_OPTIMIZATION_LEVEL = "-O";
				VALIDATE_PRODUCT = YES;
			};
			name = Release;
		};
		83924AA52106711F009DA1D7 /* Debug */ = {
			isa = XCBuildConfiguration;
			buildSettings = {
				ASSETCATALOG_COMPILER_APPICON_NAME = AppIcon;
				CODE_SIGN_STYLE = Automatic;
				DEVELOPMENT_TEAM = 3R873EUS9Y;
				INFOPLIST_FILE = TestApp/Info.plist;
				LD_RUNPATH_SEARCH_PATHS = (
					"$(inherited)",
					"@executable_path/Frameworks",
				);
				PRODUCT_BUNDLE_IDENTIFIER = testapp.TestApp;
				PRODUCT_NAME = "$(TARGET_NAME)";
				SWIFT_VERSION = 4.0;
				TARGETED_DEVICE_FAMILY = "1,2";
			};
			name = Debug;
		};
		83924AA62106711F009DA1D7 /* Release */ = {
			isa = XCBuildConfiguration;
			buildSettings = {
				ASSETCATALOG_COMPILER_APPICON_NAME = AppIcon;
				CODE_SIGN_STYLE = Automatic;
				DEVELOPMENT_TEAM = 3R873EUS9Y;
				INFOPLIST_FILE = TestApp/Info.plist;
				LD_RUNPATH_SEARCH_PATHS = (
					"$(inherited)",
					"@executable_path/Frameworks",
				);
				PRODUCT_BUNDLE_IDENTIFIER = testapp.TestApp;
				PRODUCT_NAME = "$(TARGET_NAME)";
				SWIFT_VERSION = 4.0;
				TARGETED_DEVICE_FAMILY = "1,2";
			};
			name = Release;
		};
/* End XCBuildConfiguration section */

/* Begin XCConfigurationList section */
		83924A8D2106711E009DA1D7 /* Build configuration list for PBXProject "TestApp" */ = {
			isa = XCConfigurationList;
			buildConfigurations = (
				83924AA22106711F009DA1D7 /* Debug */,
				83924AA32106711F009DA1D7 /* Release */,
			);
			defaultConfigurationIsVisible = 0;
			defaultConfigurationName = Release;
		};
		83924AA42106711F009DA1D7 /* Build configuration list for PBXNativeTarget "TestApp" */ = {
			isa = XCConfigurationList;
			buildConfigurations = (
				83924AA52106711F009DA1D7 /* Debug */,
				83924AA62106711F009DA1D7 /* Release */,
			);
			defaultConfigurationIsVisible = 0;
			defaultConfigurationName = Release;
		};
/* End XCConfigurationList section */
	};
	rootObject = 83924A8A2106711E009DA1D7 /* Project object */;
}
